<?xml version="1.0" encoding="utf-8"?>
<Project ToolsVersion="4.0" xmlns="http://schemas.microsoft.com/developer/msbuild/2003">
  <ItemGroup>
    <ClCompile Include="app.cpp">
      <Filter>Source Files</Filter>
    </ClCompile>
    <ClCompile Include="camera.cpp">
      <Filter>Source Files</Filter>
    </ClCompile>
    <ClCompile Include="extensions_vk.cpp">
      <Filter>Source Files</Filter>
    </ClCompile>
    <ClCompile Include="vkapp.cpp">
      <Filter>Source Files</Filter>
    </ClCompile>
    <ClCompile Include="vkapp_fns.cpp">
      <Filter>Source Files</Filter>
    </ClCompile>
    <ClCompile Include="vkapp_loadModel.cpp">
      <Filter>Source Files</Filter>
    </ClCompile>
    <ClCompile Include="vkapp_scanline.cpp">
      <Filter>Source Files</Filter>
    </ClCompile>
    <ClCompile Include="descriptor_wrap.cpp">
      <Filter>Source Files</Filter>
    </ClCompile>
    <ClCompile Include="vkapp_raytracing.cpp">
      <Filter>Source Files</Filter>
    </ClCompile>
    <ClCompile Include="acceleration_wrap.cpp">
      <Filter>Source Files</Filter>
    </ClCompile>
    <ClCompile Include="..\libs\imgui-master\imgui.cpp">
      <Filter>Source Files</Filter>
    </ClCompile>
    <ClCompile Include="..\libs\imgui-master\imgui_widgets.cpp">
      <Filter>Source Files</Filter>
    </ClCompile>
    <ClCompile Include="..\libs\imgui-master\backends\imgui_impl_glfw.cpp">
      <Filter>Source Files</Filter>
    </ClCompile>
    <ClCompile Include="..\libs\imgui-master\backends\imgui_impl_vulkan.cpp">
      <Filter>Source Files</Filter>
    </ClCompile>
    <ClCompile Include="..\libs\imgui-master\imgui_draw.cpp">
      <Filter>Source Files</Filter>
    </ClCompile>
    <ClCompile Include="vkapp_fns_continued-p1.cpp">
      <Filter>Source Files</Filter>
    </ClCompile>
    <ClCompile Include="vkapp_denoise.cpp">
      <Filter>Source Files</Filter>
    </ClCompile>
  </ItemGroup>
  <ItemGroup>
    <Filter Include="Source Files">
      <UniqueIdentifier>{998ee74f-08a6-4ac8-8da5-0e090ccc9987}</UniqueIdentifier>
    </Filter>
    <Filter Include="Header Files">
      <UniqueIdentifier>{434afa2c-2104-4c7b-8168-5b8d54fd500a}</UniqueIdentifier>
    </Filter>
    <Filter Include="Shader Files">
      <UniqueIdentifier>{81ed676a-f1ad-43f2-a06f-89df7e3244cf}</UniqueIdentifier>
    </Filter>
  </ItemGroup>
  <ItemGroup>
    <ClInclude Include="app.h">
      <Filter>Header Files</Filter>
    </ClInclude>
    <ClInclude Include="buffer_wrap.h">
      <Filter>Header Files</Filter>
    </ClInclude>
    <ClInclude Include="camera.h">
      <Filter>Header Files</Filter>
    </ClInclude>
    <ClInclude Include="descriptor_wrap.h">
      <Filter>Header Files</Filter>
    </ClInclude>
    <ClInclude Include="extensions_vk.hpp">
      <Filter>Header Files</Filter>
    </ClInclude>
    <ClInclude Include="image_wrap.h">
      <Filter>Header Files</Filter>
    </ClInclude>
    <ClInclude Include="vkapp.h">
      <Filter>Header Files</Filter>
    </ClInclude>
    <ClInclude Include="acceleration_wrap.h">
      <Filter>Header Files</Filter>
    </ClInclude>
    <ClInclude Include="shaders\shared_structs.h">
      <Filter>Header Files</Filter>
    </ClInclude>
  </ItemGroup>
  <ItemGroup>
    <CustomBuild Include="shaders\denoiseX.comp">
      <Filter>Shader Files</Filter>
    </CustomBuild>
    <CustomBuild Include="shaders\denoiseY.comp">
      <Filter>Shader Files</Filter>
    </CustomBuild>
    <CustomBuild Include="shaders\post.frag">
      <Filter>Shader Files</Filter>
    </CustomBuild>
    <CustomBuild Include="shaders\post.vert">
      <Filter>Shader Files</Filter>
    </CustomBuild>
    <CustomBuild Include="shaders\raytrace.rchit">
      <Filter>Shader Files</Filter>
    </CustomBuild>
    <CustomBuild Include="shaders\raytrace.rgen">
      <Filter>Shader Files</Filter>
    </CustomBuild>
    <CustomBuild Include="shaders\raytrace.rmiss">
      <Filter>Shader Files</Filter>
    </CustomBuild>
    <CustomBuild Include="shaders\raytraceShadow.rchit">
      <Filter>Shader Files</Filter>
    </CustomBuild>
    <CustomBuild Include="shaders\raytraceShadow.rmiss">
      <Filter>Shader Files</Filter>
    </CustomBuild>
    <CustomBuild Include="shaders\scanline.frag">
      <Filter>Shader Files</Filter>
    </CustomBuild>
    <CustomBuild Include="shaders\scanline.vert">
      <Filter>Shader Files</Filter>
    </CustomBuild>
  </ItemGroup>
</Project>